// !$*UTF8*$!
{
	archiveVersion = 1;
	classes = {
	};
	objectVersion = 46;
	objects = {

/* Begin PBXBuildFile section */
		840FB1FE18A4750500C7B5FD /* HomepwnerItemCell.m in Sources */ = {isa = PBXBuildFile; fileRef = 840FB1FD18A4750500C7B5FD /* HomepwnerItemCell.m */; };
		840FB20018A4850600C7B5FD /* CoreData.framework in Frameworks */ = {isa = PBXBuildFile; fileRef = 840FB1FF18A4850600C7B5FD /* CoreData.framework */; };
		845C80FE18A1D03F00F51871 /* Foundation.framework in Frameworks */ = {isa = PBXBuildFile; fileRef = 845C80FD18A1D03F00F51871 /* Foundation.framework */; };
		845C810018A1D03F00F51871 /* CoreGraphics.framework in Frameworks */ = {isa = PBXBuildFile; fileRef = 845C80FF18A1D03F00F51871 /* CoreGraphics.framework */; };
		845C810218A1D03F00F51871 /* UIKit.framework in Frameworks */ = {isa = PBXBuildFile; fileRef = 845C810118A1D03F00F51871 /* UIKit.framework */; };
		845C810818A1D03F00F51871 /* InfoPlist.strings in Resources */ = {isa = PBXBuildFile; fileRef = 845C810618A1D03F00F51871 /* InfoPlist.strings */; };
		845C810A18A1D03F00F51871 /* main.m in Sources */ = {isa = PBXBuildFile; fileRef = 845C810918A1D03F00F51871 /* main.m */; };
		845C810E18A1D03F00F51871 /* HomepwnerAppDelegate.m in Sources */ = {isa = PBXBuildFile; fileRef = 845C810D18A1D03F00F51871 /* HomepwnerAppDelegate.m */; };
		845C811018A1D03F00F51871 /* Images.xcassets in Resources */ = {isa = PBXBuildFile; fileRef = 845C810F18A1D03F00F51871 /* Images.xcassets */; };
		845C811718A1D03F00F51871 /* XCTest.framework in Frameworks */ = {isa = PBXBuildFile; fileRef = 845C811618A1D03F00F51871 /* XCTest.framework */; };
		845C811818A1D03F00F51871 /* Foundation.framework in Frameworks */ = {isa = PBXBuildFile; fileRef = 845C80FD18A1D03F00F51871 /* Foundation.framework */; };
		845C811918A1D03F00F51871 /* UIKit.framework in Frameworks */ = {isa = PBXBuildFile; fileRef = 845C810118A1D03F00F51871 /* UIKit.framework */; };
		845C812118A1D03F00F51871 /* InfoPlist.strings in Resources */ = {isa = PBXBuildFile; fileRef = 845C811F18A1D03F00F51871 /* InfoPlist.strings */; };
		845C812318A1D03F00F51871 /* HomepwnerTests.m in Sources */ = {isa = PBXBuildFile; fileRef = 845C812218A1D03F00F51871 /* HomepwnerTests.m */; };
		845C812E18A1D45600F51871 /* ItemsViewController.m in Sources */ = {isa = PBXBuildFile; fileRef = 845C812D18A1D45600F51871 /* ItemsViewController.m */; };
		845C813118A1D6A600F51871 /* Possession.m in Sources */ = {isa = PBXBuildFile; fileRef = 845C813018A1D6A600F51871 /* Possession.m */; };
		845C813418A1D8EA00F51871 /* PossessionStore.m in Sources */ = {isa = PBXBuildFile; fileRef = 845C813318A1D8EA00F51871 /* PossessionStore.m */; };
		845C813618A1EED300F51871 /* HeaderView.xib in Resources */ = {isa = PBXBuildFile; fileRef = 845C813518A1EED300F51871 /* HeaderView.xib */; };
		845C813A18A2248700F51871 /* ItemDetailViewController.m in Sources */ = {isa = PBXBuildFile; fileRef = 845C813818A2248700F51871 /* ItemDetailViewController.m */; };
		845C813B18A2248700F51871 /* ItemDetailViewController.xib in Resources */ = {isa = PBXBuildFile; fileRef = 845C813918A2248700F51871 /* ItemDetailViewController.xib */; };
/* End PBXBuildFile section */

/* Begin PBXContainerItemProxy section */
		845C811A18A1D03F00F51871 /* PBXContainerItemProxy */ = {
			isa = PBXContainerItemProxy;
			containerPortal = 845C80F218A1D03F00F51871 /* Project object */;
			proxyType = 1;
			remoteGlobalIDString = 845C80F918A1D03F00F51871;
			remoteInfo = Homepwner;
		};
/* End PBXContainerItemProxy section */

/* Begin PBXFileReference section */
		840FB1FC18A4750500C7B5FD /* HomepwnerItemCell.h */ = {isa = PBXFileReference; fileEncoding = 4; lastKnownFileType = sourcecode.c.h; path = HomepwnerItemCell.h; sourceTree = "<group>"; };
		840FB1FD18A4750500C7B5FD /* HomepwnerItemCell.m */ = {isa = PBXFileReference; fileEncoding = 4; lastKnownFileType = sourcecode.c.objc; path = HomepwnerItemCell.m; sourceTree = "<group>"; };
		840FB1FF18A4850600C7B5FD /* CoreData.framework */ = {isa = PBXFileReference; lastKnownFileType = wrapper.framework; name = CoreData.framework; path = System/Library/Frameworks/CoreData.framework; sourceTree = SDKROOT; };
		845C80FA18A1D03F00F51871 /* Homepwner.app */ = {isa = PBXFileReference; explicitFileType = wrapper.application; includeInIndex = 0; path = Homepwner.app; sourceTree = BUILT_PRODUCTS_DIR; };
		845C80FD18A1D03F00F51871 /* Foundation.framework */ = {isa = PBXFileReference; lastKnownFileType = wrapper.framework; name = Foundation.framework; path = System/Library/Frameworks/Foundation.framework; sourceTree = SDKROOT; };
		845C80FF18A1D03F00F51871 /* CoreGraphics.framework */ = {isa = PBXFileReference; lastKnownFileType = wrapper.framework; name = CoreGraphics.framework; path = System/Library/Frameworks/CoreGraphics.framework; sourceTree = SDKROOT; };
		845C810118A1D03F00F51871 /* UIKit.framework */ = {isa = PBXFileReference; lastKnownFileType = wrapper.framework; name = UIKit.framework; path = System/Library/Frameworks/UIKit.framework; sourceTree = SDKROOT; };
		845C810518A1D03F00F51871 /* Homepwner-Info.plist */ = {isa = PBXFileReference; lastKnownFileType = text.plist.xml; path = "Homepwner-Info.plist"; sourceTree = "<group>"; };
		845C810718A1D03F00F51871 /* en */ = {isa = PBXFileReference; lastKnownFileType = text.plist.strings; name = en; path = en.lproj/InfoPlist.strings; sourceTree = "<group>"; };
		845C810918A1D03F00F51871 /* main.m */ = {isa = PBXFileReference; lastKnownFileType = sourcecode.c.objc; path = main.m; sourceTree = "<group>"; };
		845C810B18A1D03F00F51871 /* Homepwner-Prefix.pch */ = {isa = PBXFileReference; lastKnownFileType = sourcecode.c.h; path = "Homepwner-Prefix.pch"; sourceTree = "<group>"; };
		845C810C18A1D03F00F51871 /* HomepwnerAppDelegate.h */ = {isa = PBXFileReference; lastKnownFileType = sourcecode.c.h; path = HomepwnerAppDelegate.h; sourceTree = "<group>"; };
		845C810D18A1D03F00F51871 /* HomepwnerAppDelegate.m */ = {isa = PBXFileReference; lastKnownFileType = sourcecode.c.objc; path = HomepwnerAppDelegate.m; sourceTree = "<group>"; };
		845C810F18A1D03F00F51871 /* Images.xcassets */ = {isa = PBXFileReference; lastKnownFileType = folder.assetcatalog; path = Images.xcassets; sourceTree = "<group>"; };
		845C811518A1D03F00F51871 /* HomepwnerTests.xctest */ = {isa = PBXFileReference; explicitFileType = wrapper.cfbundle; includeInIndex = 0; path = HomepwnerTests.xctest; sourceTree = BUILT_PRODUCTS_DIR; };
		845C811618A1D03F00F51871 /* XCTest.framework */ = {isa = PBXFileReference; lastKnownFileType = wrapper.framework; name = XCTest.framework; path = Library/Frameworks/XCTest.framework; sourceTree = DEVELOPER_DIR; };
		845C811E18A1D03F00F51871 /* HomepwnerTests-Info.plist */ = {isa = PBXFileReference; lastKnownFileType = text.plist.xml; path = "HomepwnerTests-Info.plist"; sourceTree = "<group>"; };
		845C812018A1D03F00F51871 /* en */ = {isa = PBXFileReference; lastKnownFileType = text.plist.strings; name = en; path = en.lproj/InfoPlist.strings; sourceTree = "<group>"; };
		845C812218A1D03F00F51871 /* HomepwnerTests.m */ = {isa = PBXFileReference; lastKnownFileType = sourcecode.c.objc; path = HomepwnerTests.m; sourceTree = "<group>"; };
		845C812C18A1D45600F51871 /* ItemsViewController.h */ = {isa = PBXFileReference; fileEncoding = 4; lastKnownFileType = sourcecode.c.h; path = ItemsViewController.h; sourceTree = "<group>"; };
		845C812D18A1D45600F51871 /* ItemsViewController.m */ = {isa = PBXFileReference; fileEncoding = 4; lastKnownFileType = sourcecode.c.objc; path = ItemsViewController.m; sourceTree = "<group>"; };
		845C812F18A1D69C00F51871 /* Possession.h */ = {isa = PBXFileReference; fileEncoding = 4; lastKnownFileType = sourcecode.c.h; name = Possession.h; path = ../../Ch02/RandomPossessions/Possession.h; sourceTree = "<group>"; };
		845C813018A1D6A600F51871 /* Possession.m */ = {isa = PBXFileReference; fileEncoding = 4; lastKnownFileType = sourcecode.c.objc; name = Possession.m; path = ../../Ch02/RandomPossessions/Possession.m; sourceTree = "<group>"; };
		845C813218A1D8EA00F51871 /* PossessionStore.h */ = {isa = PBXFileReference; fileEncoding = 4; lastKnownFileType = sourcecode.c.h; path = PossessionStore.h; sourceTree = "<group>"; };
		845C813318A1D8EA00F51871 /* PossessionStore.m */ = {isa = PBXFileReference; fileEncoding = 4; lastKnownFileType = sourcecode.c.objc; path = PossessionStore.m; sourceTree = "<group>"; };
		845C813518A1EED300F51871 /* HeaderView.xib */ = {isa = PBXFileReference; fileEncoding = 4; lastKnownFileType = file.xib; path = HeaderView.xib; sourceTree = "<group>"; };
		845C813718A2248700F51871 /* ItemDetailViewController.h */ = {isa = PBXFileReference; fileEncoding = 4; lastKnownFileType = sourcecode.c.h; path = ItemDetailViewController.h; sourceTree = "<group>"; };
		845C813818A2248700F51871 /* ItemDetailViewController.m */ = {isa = PBXFileReference; fileEncoding = 4; lastKnownFileType = sourcecode.c.objc; path = ItemDetailViewController.m; sourceTree = "<group>"; };
		845C813918A2248700F51871 /* ItemDetailViewController.xib */ = {isa = PBXFileReference; fileEncoding = 4; lastKnownFileType = file.xib; path = ItemDetailViewController.xib; sourceTree = "<group>"; };
/* End PBXFileReference section */

/* Begin PBXFrameworksBuildPhase section */
		845C80F718A1D03F00F51871 /* Frameworks */ = {
			isa = PBXFrameworksBuildPhase;
			buildActionMask = 2147483647;
			files = (
				840FB20018A4850600C7B5FD /* CoreData.framework in Frameworks */,
				845C810018A1D03F00F51871 /* CoreGraphics.framework in Frameworks */,
				845C810218A1D03F00F51871 /* UIKit.framework in Frameworks */,
				845C80FE18A1D03F00F51871 /* Foundation.framework in Frameworks */,
			);
			runOnlyForDeploymentPostprocessing = 0;
		};
		845C811218A1D03F00F51871 /* Frameworks */ = {
			isa = PBXFrameworksBuildPhase;
			buildActionMask = 2147483647;
			files = (
				845C811718A1D03F00F51871 /* XCTest.framework in Frameworks */,
				845C811918A1D03F00F51871 /* UIKit.framework in Frameworks */,
				845C811818A1D03F00F51871 /* Foundation.framework in Frameworks */,
			);
			runOnlyForDeploymentPostprocessing = 0;
		};
/* End PBXFrameworksBuildPhase section */

/* Begin PBXGroup section */
		845C80F118A1D03F00F51871 = {
			isa = PBXGroup;
			children = (
				840FB1FC18A4750500C7B5FD /* HomepwnerItemCell.h */,
				840FB1FD18A4750500C7B5FD /* HomepwnerItemCell.m */,
				845C813718A2248700F51871 /* ItemDetailViewController.h */,
				845C813818A2248700F51871 /* ItemDetailViewController.m */,
				845C813918A2248700F51871 /* ItemDetailViewController.xib */,
				845C813518A1EED300F51871 /* HeaderView.xib */,
				845C813218A1D8EA00F51871 /* PossessionStore.h */,
				845C813318A1D8EA00F51871 /* PossessionStore.m */,
				845C812F18A1D69C00F51871 /* Possession.h */,
				845C813018A1D6A600F51871 /* Possession.m */,
				845C812C18A1D45600F51871 /* ItemsViewController.h */,
				845C812D18A1D45600F51871 /* ItemsViewController.m */,
				845C810318A1D03F00F51871 /* Homepwner */,
				845C811C18A1D03F00F51871 /* HomepwnerTests */,
				845C80FC18A1D03F00F51871 /* Frameworks */,
				845C80FB18A1D03F00F51871 /* Products */,
			);
			sourceTree = "<group>";
		};
		845C80FB18A1D03F00F51871 /* Products */ = {
			isa = PBXGroup;
			children = (
				845C80FA18A1D03F00F51871 /* Homepwner.app */,
				845C811518A1D03F00F51871 /* HomepwnerTests.xctest */,
			);
			name = Products;
			sourceTree = "<group>";
		};
		845C80FC18A1D03F00F51871 /* Frameworks */ = {
			isa = PBXGroup;
			children = (
				840FB1FF18A4850600C7B5FD /* CoreData.framework */,
				845C80FD18A1D03F00F51871 /* Foundation.framework */,
				845C80FF18A1D03F00F51871 /* CoreGraphics.framework */,
				845C810118A1D03F00F51871 /* UIKit.framework */,
				845C811618A1D03F00F51871 /* XCTest.framework */,
			);
			name = Frameworks;
			sourceTree = "<group>";
		};
		845C810318A1D03F00F51871 /* Homepwner */ = {
			isa = PBXGroup;
			children = (
				845C810C18A1D03F00F51871 /* HomepwnerAppDelegate.h */,
				845C810D18A1D03F00F51871 /* HomepwnerAppDelegate.m */,
				845C810F18A1D03F00F51871 /* Images.xcassets */,
				845C810418A1D03F00F51871 /* Supporting Files */,
			);
			path = Homepwner;
			sourceTree = "<group>";
		};
		845C810418A1D03F00F51871 /* Supporting Files */ = {
			isa = PBXGroup;
			children = (
				845C810518A1D03F00F51871 /* Homepwner-Info.plist */,
				845C810618A1D03F00F51871 /* InfoPlist.strings */,
				845C810918A1D03F00F51871 /* main.m */,
				845C810B18A1D03F00F51871 /* Homepwner-Prefix.pch */,
			);
			name = "Supporting Files";
			sourceTree = "<group>";
		};
		845C811C18A1D03F00F51871 /* HomepwnerTests */ = {
			isa = PBXGroup;
			children = (
				845C812218A1D03F00F51871 /* HomepwnerTests.m */,
				845C811D18A1D03F00F51871 /* Supporting Files */,
			);
			path = HomepwnerTests;
			sourceTree = "<group>";
		};
		845C811D18A1D03F00F51871 /* Supporting Files */ = {
			isa = PBXGroup;
			children = (
				845C811E18A1D03F00F51871 /* HomepwnerTests-Info.plist */,
				845C811F18A1D03F00F51871 /* InfoPlist.strings */,
			);
			name = "Supporting Files";
			sourceTree = "<group>";
		};
/* End PBXGroup section */

/* Begin PBXNativeTarget section */
		845C80F918A1D03F00F51871 /* Homepwner */ = {
			isa = PBXNativeTarget;
			buildConfigurationList = 845C812618A1D03F00F51871 /* Build configuration list for PBXNativeTarget "Homepwner" */;
			buildPhases = (
				845C80F618A1D03F00F51871 /* Sources */,
				845C80F718A1D03F00F51871 /* Frameworks */,
				845C80F818A1D03F00F51871 /* Resources */,
			);
			buildRules = (
			);
			dependencies = (
			);
			name = Homepwner;
			productName = Homepwner;
			productReference = 845C80FA18A1D03F00F51871 /* Homepwner.app */;
			productType = "com.apple.product-type.application";
		};
		845C811418A1D03F00F51871 /* HomepwnerTests */ = {
			isa = PBXNativeTarget;
			buildConfigurationList = 845C812918A1D03F00F51871 /* Build configuration list for PBXNativeTarget "HomepwnerTests" */;
			buildPhases = (
				845C811118A1D03F00F51871 /* Sources */,
				845C811218A1D03F00F51871 /* Frameworks */,
				845C811318A1D03F00F51871 /* Resources */,
			);
			buildRules = (
			);
			dependencies = (
				845C811B18A1D03F00F51871 /* PBXTargetDependency */,
			);
			name = HomepwnerTests;
			productName = HomepwnerTests;
			productReference = 845C811518A1D03F00F51871 /* HomepwnerTests.xctest */;
			productType = "com.apple.product-type.bundle.unit-test";
		};
/* End PBXNativeTarget section */

/* Begin PBXProject section */
		845C80F218A1D03F00F51871 /* Project object */ = {
			isa = PBXProject;
			attributes = {
				CLASSPREFIX = Homepwner;
				LastUpgradeCheck = 0500;
				ORGANIZATIONNAME = "Ace Ignacio";
				TargetAttributes = {
					845C811418A1D03F00F51871 = {
						TestTargetID = 845C80F918A1D03F00F51871;
					};
				};
			};
			buildConfigurationList = 845C80F518A1D03F00F51871 /* Build configuration list for PBXProject "Homepwner" */;
			compatibilityVersion = "Xcode 3.2";
			developmentRegion = English;
			hasScannedForEncodings = 0;
			knownRegions = (
				en,
			);
			mainGroup = 845C80F118A1D03F00F51871;
			productRefGroup = 845C80FB18A1D03F00F51871 /* Products */;
			projectDirPath = "";
			projectRoot = "";
			targets = (
				845C80F918A1D03F00F51871 /* Homepwner */,
				845C811418A1D03F00F51871 /* HomepwnerTests */,
			);
		};
/* End PBXProject section */

/* Begin PBXResourcesBuildPhase section */
		845C80F818A1D03F00F51871 /* Resources */ = {
			isa = PBXResourcesBuildPhase;
			buildActionMask = 2147483647;
			files = (
				845C813618A1EED300F51871 /* HeaderView.xib in Resources */,
				845C810818A1D03F00F51871 /* InfoPlist.strings in Resources */,
				845C813B18A2248700F51871 /* ItemDetailViewController.xib in Resources */,
				845C811018A1D03F00F51871 /* Images.xcassets in Resources */,
			);
			runOnlyForDeploymentPostprocessing = 0;
		};
		845C811318A1D03F00F51871 /* Resources */ = {
			isa = PBXResourcesBuildPhase;
			buildActionMask = 2147483647;
			files = (
				845C812118A1D03F00F51871 /* InfoPlist.strings in Resources */,
			);
			runOnlyForDeploymentPostprocessing = 0;
		};
/* End PBXResourcesBuildPhase section */

/* Begin PBXSourcesBuildPhase section */
		845C80F618A1D03F00F51871 /* Sources */ = {
			isa = PBXSourcesBuildPhase;
			buildActionMask = 2147483647;
			files = (
				845C812E18A1D45600F51871 /* ItemsViewController.m in Sources */,
				845C813418A1D8EA00F51871 /* PossessionStore.m in Sources */,
				840FB1FE18A4750500C7B5FD /* HomepwnerItemCell.m in Sources */,
				845C813118A1D6A600F51871 /* Possession.m in Sources */,
				845C810E18A1D03F00F51871 /* HomepwnerAppDelegate.m in Sources */,
				845C813A18A2248700F51871 /* ItemDetailViewController.m in Sources */,
				845C810A18A1D03F00F51871 /* main.m in Sources */,
			);
			runOnlyForDeploymentPostprocessing = 0;
		};
		845C811118A1D03F00F51871 /* Sources */ = {
			isa = PBXSourcesBuildPhase;
			buildActionMask = 2147483647;
			files = (
				845C812318A1D03F00F51871 /* HomepwnerTests.m in Sources */,
			);
			runOnlyForDeploymentPostprocessing = 0;
		};
/* End PBXSourcesBuildPhase section */

/* Begin PBXTargetDependency section */
		845C811B18A1D03F00F51871 /* PBXTargetDependency */ = {
			isa = PBXTargetDependency;
			target = 845C80F918A1D03F00F51871 /* Homepwner */;
			targetProxy = 845C811A18A1D03F00F51871 /* PBXContainerItemProxy */;
		};
/* End PBXTargetDependency section */

/* Begin PBXVariantGroup section */
		845C810618A1D03F00F51871 /* InfoPlist.strings */ = {
			isa = PBXVariantGroup;
			children = (
				845C810718A1D03F00F51871 /* en */,
			);
			name = InfoPlist.strings;
			sourceTree = "<group>";
		};
		845C811F18A1D03F00F51871 /* InfoPlist.strings */ = {
			isa = PBXVariantGroup;
			children = (
				845C812018A1D03F00F51871 /* en */,
			);
			name = InfoPlist.strings;
			sourceTree = "<group>";
		};
/* End PBXVariantGroup section */

/* Begin XCBuildConfiguration section */
		845C812418A1D03F00F51871 /* Debug */ = {
			isa = XCBuildConfiguration;
			buildSettings = {
				ALWAYS_SEARCH_USER_PATHS = NO;
				ARCHS = "$(ARCHS_STANDARD_INCLUDING_64_BIT)";
				CLANG_CXX_LANGUAGE_STANDARD = "gnu++0x";
				CLANG_CXX_LIBRARY = "libc++";
				CLANG_ENABLE_MODULES = YES;
				CLANG_ENABLE_OBJC_ARC = YES;
				CLANG_WARN_BOOL_CONVERSION = YES;
				CLANG_WARN_CONSTANT_CONVERSION = YES;
				CLANG_WARN_DIRECT_OBJC_ISA_USAGE = YES_ERROR;
				CLANG_WARN_EMPTY_BODY = YES;
				CLANG_WARN_ENUM_CONVERSION = YES;
				CLANG_WARN_INT_CONVERSION = YES;
				CLANG_WARN_OBJC_ROOT_CLASS = YES_ERROR;
				CLANG_WARN__DUPLICATE_METHOD_MATCH = YES;
				"CODE_SIGN_IDENTITY[sdk=iphoneos*]" = "iPhone Developer";
				COPY_PHASE_STRIP = NO;
				GCC_C_LANGUAGE_STANDARD = gnu99;
				GCC_DYNAMIC_NO_PIC = NO;
				GCC_OPTIMIZATION_LEVEL = 0;
				GCC_PREPROCESSOR_DEFINITIONS = (
					"DEBUG=1",
					"$(inherited)",
				);
				GCC_SYMBOLS_PRIVATE_EXTERN = NO;
				GCC_WARN_64_TO_32_BIT_CONVERSION = YES;
				GCC_WARN_ABOUT_RETURN_TYPE = YES_ERROR;
				GCC_WARN_UNDECLARED_SELECTOR = YES;
				GCC_WARN_UNINITIALIZED_AUTOS = YES;
				GCC_WARN_UNUSED_FUNCTION = YES;
				GCC_WARN_UNUSED_VARIABLE = YES;
				IPHONEOS_DEPLOYMENT_TARGET = 7.0;
				ONLY_ACTIVE_ARCH = YES;
				SDKROOT = iphoneos;
			};
			name = Debug;
		};
		845C812518A1D03F00F51871 /* Release */ = {
			isa = XCBuildConfiguration;
			buildSettings = {
				ALWAYS_SEARCH_USER_PATHS = NO;
				ARCHS = "$(ARCHS_STANDARD_INCLUDING_64_BIT)";
				CLANG_CXX_LANGUAGE_STANDARD = "gnu++0x";
				CLANG_CXX_LIBRARY = "libc++";
				CLANG_ENABLE_MODULES = YES;
				CLANG_ENABLE_OBJC_ARC = YES;
				CLANG_WARN_BOOL_CONVERSION = YES;
				CLANG_WARN_CONSTANT_CONVERSION = YES;
				CLANG_WARN_DIRECT_OBJC_ISA_USAGE = YES_ERROR;
				CLANG_WARN_EMPTY_BODY = YES;
				CLANG_WARN_ENUM_CONVERSION = YES;
				CLANG_WARN_INT_CONVERSION = YES;
				CLANG_WARN_OBJC_ROOT_CLASS = YES_ERROR;
				CLANG_WARN__DUPLICATE_METHOD_MATCH = YES;
				"CODE_SIGN_IDENTITY[sdk=iphoneos*]" = "iPhone Developer";
				COPY_PHASE_STRIP = YES;
				ENABLE_NS_ASSERTIONS = NO;
				GCC_C_LANGUAGE_STANDARD = gnu99;
				GCC_WARN_64_TO_32_BIT_CONVERSION = YES;
				GCC_WARN_ABOUT_RETURN_TYPE = YES_ERROR;
				GCC_WARN_UNDECLARED_SELECTOR = YES;
				GCC_WARN_UNINITIALIZED_AUTOS = YES;
				GCC_WARN_UNUSED_FUNCTION = YES;
				GCC_WARN_UNUSED_VARIABLE = YES;
				IPHONEOS_DEPLOYMENT_TARGET = 7.0;
				SDKROOT = iphoneos;
				VALIDATE_PRODUCT = YES;
			};
			name = Release;
		};
		845C812718A1D03F00F51871 /* Debug */ = {
			isa = XCBuildConfiguration;
			buildSettings = {
				ASSETCATALOG_COMPILER_APPICON_NAME = AppIcon;
				ASSETCATALOG_COMPILER_LAUNCHIMAGE_NAME = LaunchImage;
				CODE_SIGN_IDENTITY = "iPhone Developer: Jhermin Cruz (723WF65B7J)";
				GCC_PRECOMPILE_PREFIX_HEADER = YES;
				GCC_PREFIX_HEADER = "Homepwner/Homepwner-Prefix.pch";
				INFOPLIST_FILE = "Homepwner/Homepwner-Info.plist";
				IPHONEOS_DEPLOYMENT_TARGET = 6.1;
				PRODUCT_NAME = "$(TARGET_NAME)";
				TARGETED_DEVICE_FAMILY = 1;
				WRAPPER_EXTENSION = app;
			};
			name = Debug;
		};
		845C812818A1D03F00F51871 /* Release */ = {
			isa = XCBuildConfiguration;
			buildSettings = {
				ASSETCATALOG_COMPILER_APPICON_NAME = AppIcon;
				ASSETCATALOG_COMPILER_LAUNCHIMAGE_NAME = LaunchImage;
				CODE_SIGN_IDENTITY = "iPhone Developer: Jhermin Cruz (723WF65B7J)";
				GCC_PRECOMPILE_PREFIX_HEADER = YES;
				GCC_PREFIX_HEADER = "Homepwner/Homepwner-Prefix.pch";
				INFOPLIST_FILE = "Homepwner/Homepwner-Info.plist";
				IPHONEOS_DEPLOYMENT_TARGET = 6.1;
				PRODUCT_NAME = "$(TARGET_NAME)";
				TARGETED_DEVICE_FAMILY = 1;
				WRAPPER_EXTENSION = app;
			};
			name = Release;
		};
		845C812A18A1D03F00F51871 /* Debug */ = {
			isa = XCBuildConfiguration;
			buildSettings = {
				ARCHS = "$(ARCHS_STANDARD_INCLUDING_64_BIT)";
				BUNDLE_LOADER = "$(BUILT_PRODUCTS_DIR)/Homepwner.app/Homepwner";
				FRAMEWORK_SEARCH_PATHS = (
					"$(SDKROOT)/Developer/Library/Frameworks",
					"$(inherited)",
					"$(DEVELOPER_FRAMEWORKS_DIR)",
				);
				GCC_PRECOMPILE_PREFIX_HEADER = YES;
				GCC_PREFIX_HEADER = "Homepwner/Homepwner-Prefix.pch";
				GCC_PREPROCESSOR_DEFINITIONS = (
					"DEBUG=1",
					"$(inherited)",
				);
				INFOPLIST_FILE = "HomepwnerTests/HomepwnerTests-Info.plist";
				PRODUCT_NAME = "$(TARGET_NAME)";
				TEST_HOST = "$(BUNDLE_LOADER)";
				WRAPPER_EXTENSION = xctest;
			};
			name = Debug;
		};
		845C812B18A1D03F00F51871 /* Release */ = {
			isa = XCBuildConfiguration;
			buildSettings = {
				ARCHS = "$(ARCHS_STANDARD_INCLUDING_64_BIT)";
				BUNDLE_LOADER = "$(BUILT_PRODUCTS_DIR)/Homepwner.app/Homepwner";
				FRAMEWORK_SEARCH_PATHS = (
					"$(SDKROOT)/Developer/Library/Frameworks",
					"$(inherited)",
					"$(DEVELOPER_FRAMEWORKS_DIR)",
				);
				GCC_PRECOMPILE_PREFIX_HEADER = YES;
				GCC_PREFIX_HEADER = "Homepwner/Homepwner-Prefix.pch";
				INFOPLIST_FILE = "HomepwnerTests/HomepwnerTests-Info.plist";
				PRODUCT_NAME = "$(TARGET_NAME)";
				TEST_HOST = "$(BUNDLE_LOADER)";
				WRAPPER_EXTENSION = xctest;
			};
			name = Release;
		};
/* End XCBuildConfiguration section */

/* Begin XCConfigurationList section */
		845C80F518A1D03F00F51871 /* Build configuration list for PBXProject "Homepwner" */ = {
			isa = XCConfigurationList;
			buildConfigurations = (
				845C812418A1D03F00F51871 /* Debug */,
				845C812518A1D03F00F51871 /* Release */,
			);
			defaultConfigurationIsVisible = 0;
			defaultConfigurationName = Release;
		};
		845C812618A1D03F00F51871 /* Build configuration list for PBXNativeTarget "Homepwner" */ = {
			isa = XCConfigurationList;
			buildConfigurations = (
				845C812718A1D03F00F51871 /* Debug */,
				845C812818A1D03F00F51871 /* Release */,
			);
			defaultConfigurationIsVisible = 0;
			defaultConfigurationName = Release;
		};
		845C812918A1D03F00F51871 /* Build configuration list for PBXNativeTarget "HomepwnerTests" */ = {
			isa = XCConfigurationList;
			buildConfigurations = (
				845C812A18A1D03F00F51871 /* Debug */,
				845C812B18A1D03F00F51871 /* Release */,
			);
			defaultConfigurationIsVisible = 0;
			defaultConfigurationName = Release;
		};
/* End XCConfigurationList section */
	};
	rootObject = 845C80F218A1D03F00F51871 /* Project object */;
}
